
Microsoft Visual Studio Solution File, Format Version 12.00
# Visual Studio Version 17
VisualStudioVersion = 17.10.35027.167
MinimumVisualStudioVersion = 10.0.40219.1
Project("{FAE04EC0-301F-11D3-BF4B-00C04F79EFBC}") = "CreatedMeetWebUI", "CreatedMeetWebUI\CreatedMeetWebUI.csproj", "{628317F3-B3DA-4A25-BE75-5D4B962EB9E8}"
EndProject
Project("{2150E333-8FDC-42A3-9474-1A3956D46DE8}") = "DevExtreme NuGet.config", "DevExtreme NuGet.config", "{D31E1928-1B53-4D06-BE23-451B27A3B1F7}"
	ProjectSection(SolutionItems) = preProject
		NuGet.config = NuGet.config
	EndProjectSection
EndProject
Global
	GlobalSection(SolutionConfigurationPlatforms) = preSolution
		Debug|Any CPU = Debug|Any CPU
		Release|Any CPU = Release|Any CPU
	EndGlobalSection
	GlobalSection(ProjectConfigurationPlatforms) = postSolution
		{628317F3-B3DA-4A25-BE75-5D4B962EB9E8}.Debug|Any CPU.ActiveCfg = Debug|Any CPU
		{628317F3-B3DA-4A25-BE75-5D4B962EB9E8}.Debug|Any CPU.Build.0 = Debug|Any CPU
		{628317F3-B3DA-4A25-BE75-5D4B962EB9E8}.Release|Any CPU.ActiveCfg = Release|Any CPU
		{628317F3-B3DA-4A25-BE75-5D4B962EB9E8}.Release|Any CPU.Build.0 = Release|Any CPU
	EndGlobalSection
	GlobalSection(SolutionProperties) = preSolution
		HideSolutionNode = FALSE
	EndGlobalSection
	GlobalSection(ExtensibilityGlobals) = postSolution
		SolutionGuid = {8E605141-84EB-4F9A-B566-17134FA76762}
	EndGlobalSection
EndGlobal
